
Microsoft Visual Studio Solution File, Format Version 12.00
# Visual Studio 2013
VisualStudioVersion = 12.0.21005.1
MinimumVisualStudioVersion = 10.0.40219.1
Project("{FAE04EC0-301F-11D3-BF4B-00C04F79EFBC}") = "SessionLess", "SessionLess\SessionLess.csproj", "{ACDB8367-A347-49F6-AE8B-01F2FC5343BB}"
EndProject
Project("{FAE04EC0-301F-11D3-BF4B-00C04F79EFBC}") = "ResourcesProject", "ResourcesProject\ResourcesProject.csproj", "{47B0BCAE-00AB-45DA-8D18-71560FB4830E}"
EndProject
Project("{FAE04EC0-301F-11D3-BF4B-00C04F79EFBC}") = "UnitTestProject", "UnitTestProject\UnitTestProject.csproj", "{E42B0A27-7109-4F26-A37B-788A025ABC78}"
EndProject
Project("{FAE04EC0-301F-11D3-BF4B-00C04F79EFBC}") = "StubProject", "StubProject\StubProject.csproj", "{51BA3BA0-380C-459E-8C24-461091B0F030}"
EndProject
Project("{FAE04EC0-301F-11D3-BF4B-00C04F79EFBC}") = "FormAuthentication", "FormAuthentication\FormAuthentication.csproj", "{6F2B7DD0-EAA0-425C-9925-FBA0C951CDFF}"
EndProject
Project("{FAE04EC0-301F-11D3-BF4B-00C04F79EFBC}") = "CustomMembershipProvider", "CustomMembershipProvider\CustomMembershipProvider.csproj", "{7D9F5909-9FB5-4842-B81B-E03B6F76C5FD}"
EndProject
Project("{FAE04EC0-301F-11D3-BF4B-00C04F79EFBC}") = "SimpleMembershipProvider", "SimpleMembershipProvider\SimpleMembershipProvider.csproj", "{D0BC1B52-3621-429A-916A-EB863D86B032}"
EndProject
Project("{FAE04EC0-301F-11D3-BF4B-00C04F79EFBC}") = "WCFContract", "WCFContract\WCFContract.csproj", "{7E73A919-CFAC-4BF0-BF52-1D7624F2817D}"
EndProject
Project("{FAE04EC0-301F-11D3-BF4B-00C04F79EFBC}") = "WCFServices", "WCFServices\WCFServices.csproj", "{45AB8B4E-604B-4C6E-8A3D-D83F4067206C}"
EndProject
Project("{FAE04EC0-301F-11D3-BF4B-00C04F79EFBC}") = "WCFClient", "WCFClient\WCFClient.csproj", "{18965FB1-97A2-4D14-B6AD-8819FBECA812}"
EndProject
Project("{FAE04EC0-301F-11D3-BF4B-00C04F79EFBC}") = "ACSApp", "ACSApp\ACSApp.csproj", "{91C6F3BD-143B-4CD7-83C0-9D962F5BC677}"
EndProject
Global
	GlobalSection(SolutionConfigurationPlatforms) = preSolution
		Debug|Any CPU = Debug|Any CPU
		Release|Any CPU = Release|Any CPU
	EndGlobalSection
	GlobalSection(ProjectConfigurationPlatforms) = postSolution
		{ACDB8367-A347-49F6-AE8B-01F2FC5343BB}.Debug|Any CPU.ActiveCfg = Debug|Any CPU
		{ACDB8367-A347-49F6-AE8B-01F2FC5343BB}.Debug|Any CPU.Build.0 = Debug|Any CPU
		{ACDB8367-A347-49F6-AE8B-01F2FC5343BB}.Release|Any CPU.ActiveCfg = Release|Any CPU
		{ACDB8367-A347-49F6-AE8B-01F2FC5343BB}.Release|Any CPU.Build.0 = Release|Any CPU
		{47B0BCAE-00AB-45DA-8D18-71560FB4830E}.Debug|Any CPU.ActiveCfg = Debug|Any CPU
		{47B0BCAE-00AB-45DA-8D18-71560FB4830E}.Debug|Any CPU.Build.0 = Debug|Any CPU
		{47B0BCAE-00AB-45DA-8D18-71560FB4830E}.Release|Any CPU.ActiveCfg = Release|Any CPU
		{47B0BCAE-00AB-45DA-8D18-71560FB4830E}.Release|Any CPU.Build.0 = Release|Any CPU
		{E42B0A27-7109-4F26-A37B-788A025ABC78}.Debug|Any CPU.ActiveCfg = Debug|Any CPU
		{E42B0A27-7109-4F26-A37B-788A025ABC78}.Debug|Any CPU.Build.0 = Debug|Any CPU
		{E42B0A27-7109-4F26-A37B-788A025ABC78}.Release|Any CPU.ActiveCfg = Release|Any CPU
		{E42B0A27-7109-4F26-A37B-788A025ABC78}.Release|Any CPU.Build.0 = Release|Any CPU
		{51BA3BA0-380C-459E-8C24-461091B0F030}.Debug|Any CPU.ActiveCfg = Debug|Any CPU
		{51BA3BA0-380C-459E-8C24-461091B0F030}.Debug|Any CPU.Build.0 = Debug|Any CPU
		{51BA3BA0-380C-459E-8C24-461091B0F030}.Release|Any CPU.ActiveCfg = Release|Any CPU
		{51BA3BA0-380C-459E-8C24-461091B0F030}.Release|Any CPU.Build.0 = Release|Any CPU
		{6F2B7DD0-EAA0-425C-9925-FBA0C951CDFF}.Debug|Any CPU.ActiveCfg = Debug|Any CPU
		{6F2B7DD0-EAA0-425C-9925-FBA0C951CDFF}.Debug|Any CPU.Build.0 = Debug|Any CPU
		{6F2B7DD0-EAA0-425C-9925-FBA0C951CDFF}.Release|Any CPU.ActiveCfg = Release|Any CPU
		{6F2B7DD0-EAA0-425C-9925-FBA0C951CDFF}.Release|Any CPU.Build.0 = Release|Any CPU
		{7D9F5909-9FB5-4842-B81B-E03B6F76C5FD}.Debug|Any CPU.ActiveCfg = Debug|Any CPU
		{7D9F5909-9FB5-4842-B81B-E03B6F76C5FD}.Debug|Any CPU.Build.0 = Debug|Any CPU
		{7D9F5909-9FB5-4842-B81B-E03B6F76C5FD}.Release|Any CPU.ActiveCfg = Release|Any CPU
		{7D9F5909-9FB5-4842-B81B-E03B6F76C5FD}.Release|Any CPU.Build.0 = Release|Any CPU
		{D0BC1B52-3621-429A-916A-EB863D86B032}.Debug|Any CPU.ActiveCfg = Debug|Any CPU
		{D0BC1B52-3621-429A-916A-EB863D86B032}.Debug|Any CPU.Build.0 = Debug|Any CPU
		{D0BC1B52-3621-429A-916A-EB863D86B032}.Release|Any CPU.ActiveCfg = Release|Any CPU
		{D0BC1B52-3621-429A-916A-EB863D86B032}.Release|Any CPU.Build.0 = Release|Any CPU
		{7E73A919-CFAC-4BF0-BF52-1D7624F2817D}.Debug|Any CPU.ActiveCfg = Debug|Any CPU
		{7E73A919-CFAC-4BF0-BF52-1D7624F2817D}.Debug|Any CPU.Build.0 = Debug|Any CPU
		{7E73A919-CFAC-4BF0-BF52-1D7624F2817D}.Release|Any CPU.ActiveCfg = Release|Any CPU
		{7E73A919-CFAC-4BF0-BF52-1D7624F2817D}.Release|Any CPU.Build.0 = Release|Any CPU
		{45AB8B4E-604B-4C6E-8A3D-D83F4067206C}.Debug|Any CPU.ActiveCfg = Debug|Any CPU
		{45AB8B4E-604B-4C6E-8A3D-D83F4067206C}.Debug|Any CPU.Build.0 = Debug|Any CPU
		{45AB8B4E-604B-4C6E-8A3D-D83F4067206C}.Release|Any CPU.ActiveCfg = Release|Any CPU
		{45AB8B4E-604B-4C6E-8A3D-D83F4067206C}.Release|Any CPU.Build.0 = Release|Any CPU
		{18965FB1-97A2-4D14-B6AD-8819FBECA812}.Debug|Any CPU.ActiveCfg = Debug|Any CPU
		{18965FB1-97A2-4D14-B6AD-8819FBECA812}.Debug|Any CPU.Build.0 = Debug|Any CPU
		{18965FB1-97A2-4D14-B6AD-8819FBECA812}.Release|Any CPU.ActiveCfg = Release|Any CPU
		{18965FB1-97A2-4D14-B6AD-8819FBECA812}.Release|Any CPU.Build.0 = Release|Any CPU
		{91C6F3BD-143B-4CD7-83C0-9D962F5BC677}.Debug|Any CPU.ActiveCfg = Debug|Any CPU
		{91C6F3BD-143B-4CD7-83C0-9D962F5BC677}.Debug|Any CPU.Build.0 = Debug|Any CPU
		{91C6F3BD-143B-4CD7-83C0-9D962F5BC677}.Release|Any CPU.ActiveCfg = Release|Any CPU
		{91C6F3BD-143B-4CD7-83C0-9D962F5BC677}.Release|Any CPU.Build.0 = Release|Any CPU
	EndGlobalSection
	GlobalSection(SolutionProperties) = preSolution
		HideSolutionNode = FALSE
	EndGlobalSection
EndGlobal
