
Microsoft Visual Studio Solution File, Format Version 12.00
# Visual Studio 2013
VisualStudioVersion = 12.0.21005.1
MinimumVisualStudioVersion = 10.0.40219.1
Project("{FAE04EC0-301F-11D3-BF4B-00C04F79EFBC}") = "SessionLess", "SessionLess\SessionLess.csproj", "{ACDB8367-A347-49F6-AE8B-01F2FC5343BB}"
EndProject
Project("{FAE04EC0-301F-11D3-BF4B-00C04F79EFBC}") = "ResourcesProject", "ResourcesProject\ResourcesProject.csproj", "{47B0BCAE-00AB-45DA-8D18-71560FB4830E}"
EndProject
Project("{FAE04EC0-301F-11D3-BF4B-00C04F79EFBC}") = "UnitTestProject", "UnitTestProject\UnitTestProject.csproj", "{E42B0A27-7109-4F26-A37B-788A025ABC78}"
EndProject
Project("{FAE04EC0-301F-11D3-BF4B-00C04F79EFBC}") = "StubProject", "StubProject\StubProject.csproj", "{51BA3BA0-380C-459E-8C24-461091B0F030}"
EndProject
Global
	GlobalSection(SolutionConfigurationPlatforms) = preSolution
		Debug|Any CPU = Debug|Any CPU
		Release|Any CPU = Release|Any CPU
	EndGlobalSection
	GlobalSection(ProjectConfigurationPlatforms) = postSolution
		{ACDB8367-A347-49F6-AE8B-01F2FC5343BB}.Debug|Any CPU.ActiveCfg = Debug|Any CPU
		{ACDB8367-A347-49F6-AE8B-01F2FC5343BB}.Debug|Any CPU.Build.0 = Debug|Any CPU
		{ACDB8367-A347-49F6-AE8B-01F2FC5343BB}.Release|Any CPU.ActiveCfg = Release|Any CPU
		{ACDB8367-A347-49F6-AE8B-01F2FC5343BB}.Release|Any CPU.Build.0 = Release|Any CPU
		{47B0BCAE-00AB-45DA-8D18-71560FB4830E}.Debug|Any CPU.ActiveCfg = Debug|Any CPU
		{47B0BCAE-00AB-45DA-8D18-71560FB4830E}.Debug|Any CPU.Build.0 = Debug|Any CPU
		{47B0BCAE-00AB-45DA-8D18-71560FB4830E}.Release|Any CPU.ActiveCfg = Release|Any CPU
		{47B0BCAE-00AB-45DA-8D18-71560FB4830E}.Release|Any CPU.Build.0 = Release|Any CPU
		{E42B0A27-7109-4F26-A37B-788A025ABC78}.Debug|Any CPU.ActiveCfg = Debug|Any CPU
		{E42B0A27-7109-4F26-A37B-788A025ABC78}.Debug|Any CPU.Build.0 = Debug|Any CPU
		{E42B0A27-7109-4F26-A37B-788A025ABC78}.Release|Any CPU.ActiveCfg = Release|Any CPU
		{E42B0A27-7109-4F26-A37B-788A025ABC78}.Release|Any CPU.Build.0 = Release|Any CPU
		{51BA3BA0-380C-459E-8C24-461091B0F030}.Debug|Any CPU.ActiveCfg = Debug|Any CPU
		{51BA3BA0-380C-459E-8C24-461091B0F030}.Debug|Any CPU.Build.0 = Debug|Any CPU
		{51BA3BA0-380C-459E-8C24-461091B0F030}.Release|Any CPU.ActiveCfg = Release|Any CPU
		{51BA3BA0-380C-459E-8C24-461091B0F030}.Release|Any CPU.Build.0 = Release|Any CPU
	EndGlobalSection
	GlobalSection(SolutionProperties) = preSolution
		HideSolutionNode = FALSE
	EndGlobalSection
EndGlobal
